
Microsoft Visual Studio Solution File, Format Version 12.00
# Visual Studio Version 17
VisualStudioVersion = 17.11.35327.3
MinimumVisualStudioVersion = 10.0.40219.1
Project("{FAE04EC0-301F-11D3-BF4B-00C04F79EFBC}") = "H11Oef5(9Getallen)", "H11Oef5(9Getallen)\H11Oef5(9Getallen).csproj", "{3F7B61BC-A147-45E4-8D2D-C0DCA7DBA364}"
EndProject
Global
	GlobalSection(SolutionConfigurationPlatforms) = preSolution
		Debug|Any CPU = Debug|Any CPU
		Release|Any CPU = Release|Any CPU
	EndGlobalSection
	GlobalSection(ProjectConfigurationPlatforms) = postSolution
		{3F7B61BC-A147-45E4-8D2D-C0DCA7DBA364}.Debug|Any CPU.ActiveCfg = Debug|Any CPU
		{3F7B61BC-A147-45E4-8D2D-C0DCA7DBA364}.Debug|Any CPU.Build.0 = Debug|Any CPU
		{3F7B61BC-A147-45E4-8D2D-C0DCA7DBA364}.Release|Any CPU.ActiveCfg = Release|Any CPU
		{3F7B61BC-A147-45E4-8D2D-C0DCA7DBA364}.Release|Any CPU.Build.0 = Release|Any CPU
	EndGlobalSection
	GlobalSection(SolutionProperties) = preSolution
		HideSolutionNode = FALSE
	EndGlobalSection
	GlobalSection(ExtensibilityGlobals) = postSolution
		SolutionGuid = {BFEEE77C-5BDA-4700-BC39-FBB55A7FAB45}
	EndGlobalSection
EndGlobal
